{
  "name": "public",
  "version": "1.0.0",
  "lockfileVersion": 1,
  "requires": true,
  "dependencies": {
    "angular": {
      "version": "1.4.8",
      "resolved": "https://registry.npmjs.org/angular/-/angular-1.4.8.tgz",
      "integrity": "sha1-9Fc9UBnSHr9EprXCihT72dWWdEk="
    },
    "angular-animate": {
      "version": "1.4.8",
      "resolved": "https://registry.npmjs.org/angular-animate/-/angular-animate-1.4.8.tgz",
      "integrity": "sha1-LDiKBm0WZ3rsvrvdryeiF/cAKlc="
    },
    "angular-aria": {
      "version": "1.4.8",
      "resolved": "https://registry.npmjs.org/angular-aria/-/angular-aria-1.4.8.tgz",
      "integrity": "sha1-3ep2itMLWPh15RgRQaf/qc0QDo4="
    },
    "angular-route": {
      "version": "1.4.8",
      "resolved": "https://registry.npmjs.org/angular-route/-/angular-route-1.4.8.tgz",
      "integrity": "sha1-3/tkb6fqEPKYcIddYL03Kf4hfLc="
    },
    "angular-sanitize": {
      "version": "1.4.8",
      "resolved": "https://registry.npmjs.org/angular-sanitize/-/angular-sanitize-1.4.8.tgz",
      "integrity": "sha1-Q6bXm2XsjJ1fZlG5RUk+WF+D1xM="
    },
    "angular-touch": {
      "version": "1.4.8",
      "resolved": "https://registry.npmjs.org/angular-touch/-/angular-touch-1.4.8.tgz",
      "integrity": "sha1-SjQLfDOYQ5SIAU120Wa0vMEp4BI="
    },
    "angular-ui-router": {
      "version": "0.3.2",
      "resolved": "https://registry.npmjs.org/angular-ui-router/-/angular-ui-router-0.3.2.tgz",
      "integrity": "sha1-wn4EljCcmSGNVlWYWxZKCWq1IKk=",
      "requires": {
        "angular": "^1.0.8"
      }
    },
    "angularjs-toaster": {
      "version": "2.2.0",
      "resolved": "https://registry.npmjs.org/angularjs-toaster/-/angularjs-toaster-2.2.0.tgz",
      "integrity": "sha1-6WnV/HOSo8HYi6iA9xGn2Jpd9V8="
    },
    "bootstrap": {
      "version": "3.3.7",
      "resolved": "https://registry.npmjs.org/bootstrap/-/bootstrap-3.3.7.tgz",
      "integrity": "sha1-WjiTlFSfIzMIdaOxUGVldPip63E="
    },
    "font-awesome": {
      "version": "4.7.0",
      "resolved": "https://registry.npmjs.org/font-awesome/-/font-awesome-4.7.0.tgz",
      "integrity": "sha1-j6jPBBGhoxr9B7BtKQK7n8gVoTM="
    },
    "jquery": {
      "version": "1.12.2",
      "resolved": "https://registry.npmjs.org/jquery/-/jquery-1.12.2.tgz",
      "integrity": "sha1-uKi0WTcxKhnuu89aBYmwMRyCILs="
    },
    "lodash": {
      "version": "4.15.0",
      "resolved": "https://registry.npmjs.org/lodash/-/lodash-4.15.0.tgz",
      "integrity": "sha1-MWI5HY8BQKoiz49rPDTWt/Y9Oqk="
    }
  }
}
